// !$*UTF8*$!
{
	archiveVersion = 1;
	classes = {
	};
	objectVersion = 56;
	objects = {

/* Begin PBXBuildFile section */
		0A5A1EFF28EE18F200BB6448 /* AppDelegate.swift in Sources */ = {isa = PBXBuildFile; fileRef = 0A5A1EFE28EE18F200BB6448 /* AppDelegate.swift */; };
		0A5A1F0328EE18F200BB6448 /* UserViewController.swift in Sources */ = {isa = PBXBuildFile; fileRef = 0A5A1F0228EE18F200BB6448 /* UserViewController.swift */; };
		0A5A1F0628EE18F200BB6448 /* Main.storyboard in Resources */ = {isa = PBXBuildFile; fileRef = 0A5A1F0428EE18F200BB6448 /* Main.storyboard */; };
		0A5A1F0828EE18F700BB6448 /* Assets.xcassets in Resources */ = {isa = PBXBuildFile; fileRef = 0A5A1F0728EE18F700BB6448 /* Assets.xcassets */; };
		0A5A1F1928EEF96500BB6448 /* StartViewController.swift in Sources */ = {isa = PBXBuildFile; fileRef = 0A5A1F1828EEF96500BB6448 /* StartViewController.swift */; };
		0A5A1F1C28EEF98200BB6448 /* Coordinator.swift in Sources */ = {isa = PBXBuildFile; fileRef = 0A5A1F1B28EEF98200BB6448 /* Coordinator.swift */; };
		0A5A1F1E28EEF9C800BB6448 /* CoordinatorProtocol.swift in Sources */ = {isa = PBXBuildFile; fileRef = 0A5A1F1D28EEF9C800BB6448 /* CoordinatorProtocol.swift */; };
		0A98842F28EF2A14005D7333 /* UserData.swift in Sources */ = {isa = PBXBuildFile; fileRef = 0A98842E28EF2A14005D7333 /* UserData.swift */; };
		0A98843128EF33F2005D7333 /* Error.swift in Sources */ = {isa = PBXBuildFile; fileRef = 0A98843028EF33F2005D7333 /* Error.swift */; };
		0A98843328F01EEC005D7333 /* UserInfoView.swift in Sources */ = {isa = PBXBuildFile; fileRef = 0A98843228F01EEC005D7333 /* UserInfoView.swift */; };
		0A98843528F2C714005D7333 /* Game.swift in Sources */ = {isa = PBXBuildFile; fileRef = 0A98843428F2C714005D7333 /* Game.swift */; };
		0A98843728F33550005D7333 /* GameInfoView.swift in Sources */ = {isa = PBXBuildFile; fileRef = 0A98843628F33550005D7333 /* GameInfoView.swift */; };
/* End PBXBuildFile section */

/* Begin PBXFileReference section */
		0A5A1EFB28EE18F200BB6448 /* FaceitApp.app */ = {isa = PBXFileReference; explicitFileType = wrapper.application; includeInIndex = 0; path = FaceitApp.app; sourceTree = BUILT_PRODUCTS_DIR; };
		0A5A1EFE28EE18F200BB6448 /* AppDelegate.swift */ = {isa = PBXFileReference; lastKnownFileType = sourcecode.swift; path = AppDelegate.swift; sourceTree = "<group>"; };
		0A5A1F0228EE18F200BB6448 /* UserViewController.swift */ = {isa = PBXFileReference; lastKnownFileType = sourcecode.swift; path = UserViewController.swift; sourceTree = "<group>"; };
		0A5A1F0528EE18F200BB6448 /* Base */ = {isa = PBXFileReference; lastKnownFileType = file.storyboard; name = Base; path = Base.lproj/Main.storyboard; sourceTree = "<group>"; };
		0A5A1F0728EE18F700BB6448 /* Assets.xcassets */ = {isa = PBXFileReference; lastKnownFileType = folder.assetcatalog; path = Assets.xcassets; sourceTree = "<group>"; };
		0A5A1F0C28EE18F700BB6448 /* Info.plist */ = {isa = PBXFileReference; lastKnownFileType = text.plist.xml; path = Info.plist; sourceTree = "<group>"; };
		0A5A1F1828EEF96500BB6448 /* StartViewController.swift */ = {isa = PBXFileReference; lastKnownFileType = sourcecode.swift; path = StartViewController.swift; sourceTree = "<group>"; };
		0A5A1F1B28EEF98200BB6448 /* Coordinator.swift */ = {isa = PBXFileReference; lastKnownFileType = sourcecode.swift; path = Coordinator.swift; sourceTree = "<group>"; };
		0A5A1F1D28EEF9C800BB6448 /* CoordinatorProtocol.swift */ = {isa = PBXFileReference; lastKnownFileType = sourcecode.swift; path = CoordinatorProtocol.swift; sourceTree = "<group>"; };
		0A98842E28EF2A14005D7333 /* UserData.swift */ = {isa = PBXFileReference; lastKnownFileType = sourcecode.swift; path = UserData.swift; sourceTree = "<group>"; };
		0A98843028EF33F2005D7333 /* Error.swift */ = {isa = PBXFileReference; lastKnownFileType = sourcecode.swift; path = Error.swift; sourceTree = "<group>"; };
		0A98843228F01EEC005D7333 /* UserInfoView.swift */ = {isa = PBXFileReference; lastKnownFileType = sourcecode.swift; path = UserInfoView.swift; sourceTree = "<group>"; };
		0A98843428F2C714005D7333 /* Game.swift */ = {isa = PBXFileReference; lastKnownFileType = sourcecode.swift; path = Game.swift; sourceTree = "<group>"; };
		0A98843628F33550005D7333 /* GameInfoView.swift */ = {isa = PBXFileReference; lastKnownFileType = sourcecode.swift; path = GameInfoView.swift; sourceTree = "<group>"; };
/* End PBXFileReference section */

/* Begin PBXFrameworksBuildPhase section */
		0A5A1EF828EE18F200BB6448 /* Frameworks */ = {
			isa = PBXFrameworksBuildPhase;
			buildActionMask = 2147483647;
			files = (
			);
			runOnlyForDeploymentPostprocessing = 0;
		};
/* End PBXFrameworksBuildPhase section */

/* Begin PBXGroup section */
		0A5A1EF228EE18F200BB6448 = {
			isa = PBXGroup;
			children = (
				0A5A1EFD28EE18F200BB6448 /* FaceitApp */,
				0A5A1EFC28EE18F200BB6448 /* Products */,
			);
			sourceTree = "<group>";
		};
		0A5A1EFC28EE18F200BB6448 /* Products */ = {
			isa = PBXGroup;
			children = (
				0A5A1EFB28EE18F200BB6448 /* FaceitApp.app */,
			);
			name = Products;
			sourceTree = "<group>";
		};
		0A5A1EFD28EE18F200BB6448 /* FaceitApp */ = {
			isa = PBXGroup;
			children = (
				0A5A1F1A28EEF97000BB6448 /* Coordinator */,
				0A5A1F1528EE1A4A00BB6448 /* Model */,
				0A5A1F1428EE1A3B00BB6448 /* Views */,
				0A5A1F1228EE19FC00BB6448 /* ViewControllers */,
				0A5A1EFE28EE18F200BB6448 /* AppDelegate.swift */,
				0A5A1F0428EE18F200BB6448 /* Main.storyboard */,
				0A5A1F0728EE18F700BB6448 /* Assets.xcassets */,
				0A5A1F0C28EE18F700BB6448 /* Info.plist */,
			);
			path = FaceitApp;
			sourceTree = "<group>";
		};
		0A5A1F1228EE19FC00BB6448 /* ViewControllers */ = {
			isa = PBXGroup;
			children = (
				0A5A1F0228EE18F200BB6448 /* UserViewController.swift */,
				0A5A1F1828EEF96500BB6448 /* StartViewController.swift */,
			);
			path = ViewControllers;
			sourceTree = "<group>";
		};
		0A5A1F1428EE1A3B00BB6448 /* Views */ = {
			isa = PBXGroup;
			children = (
				0A98843228F01EEC005D7333 /* UserInfoView.swift */,
				0A98843628F33550005D7333 /* GameInfoView.swift */,
			);
			path = Views;
			sourceTree = "<group>";
		};
		0A5A1F1528EE1A4A00BB6448 /* Model */ = {
			isa = PBXGroup;
			children = (
				0A98842E28EF2A14005D7333 /* UserData.swift */,
				0A98843028EF33F2005D7333 /* Error.swift */,
				0A98843428F2C714005D7333 /* Game.swift */,
			);
			path = Model;
			sourceTree = "<group>";
		};
		0A5A1F1A28EEF97000BB6448 /* Coordinator */ = {
			isa = PBXGroup;
			children = (
				0A5A1F1B28EEF98200BB6448 /* Coordinator.swift */,
				0A5A1F1D28EEF9C800BB6448 /* CoordinatorProtocol.swift */,
			);
			path = Coordinator;
			sourceTree = "<group>";
		};
/* End PBXGroup section */

/* Begin PBXNativeTarget section */
		0A5A1EFA28EE18F200BB6448 /* FaceitApp */ = {
			isa = PBXNativeTarget;
			buildConfigurationList = 0A5A1F0F28EE18F700BB6448 /* Build configuration list for PBXNativeTarget "FaceitApp" */;
			buildPhases = (
				0A5A1EF728EE18F200BB6448 /* Sources */,
				0A5A1EF828EE18F200BB6448 /* Frameworks */,
				0A5A1EF928EE18F200BB6448 /* Resources */,
			);
			buildRules = (
			);
			dependencies = (
			);
			name = FaceitApp;
			productName = FaceitApp;
			productReference = 0A5A1EFB28EE18F200BB6448 /* FaceitApp.app */;
			productType = "com.apple.product-type.application";
		};
/* End PBXNativeTarget section */

/* Begin PBXProject section */
		0A5A1EF328EE18F200BB6448 /* Project object */ = {
			isa = PBXProject;
			attributes = {
				BuildIndependentTargetsInParallel = 1;
				LastSwiftUpdateCheck = 1400;
				LastUpgradeCheck = 1400;
				TargetAttributes = {
					0A5A1EFA28EE18F200BB6448 = {
						CreatedOnToolsVersion = 14.0;
					};
				};
			};
			buildConfigurationList = 0A5A1EF628EE18F200BB6448 /* Build configuration list for PBXProject "FaceitApp" */;
			compatibilityVersion = "Xcode 14.0";
			developmentRegion = en;
			hasScannedForEncodings = 0;
			knownRegions = (
				en,
				Base,
			);
			mainGroup = 0A5A1EF228EE18F200BB6448;
			productRefGroup = 0A5A1EFC28EE18F200BB6448 /* Products */;
			projectDirPath = "";
			projectRoot = "";
			targets = (
				0A5A1EFA28EE18F200BB6448 /* FaceitApp */,
			);
		};
/* End PBXProject section */

/* Begin PBXResourcesBuildPhase section */
		0A5A1EF928EE18F200BB6448 /* Resources */ = {
			isa = PBXResourcesBuildPhase;
			buildActionMask = 2147483647;
			files = (
				0A5A1F0828EE18F700BB6448 /* Assets.xcassets in Resources */,
				0A5A1F0628EE18F200BB6448 /* Main.storyboard in Resources */,
			);
			runOnlyForDeploymentPostprocessing = 0;
		};
/* End PBXResourcesBuildPhase section */

/* Begin PBXSourcesBuildPhase section */
		0A5A1EF728EE18F200BB6448 /* Sources */ = {
			isa = PBXSourcesBuildPhase;
			buildActionMask = 2147483647;
			files = (
				0A5A1F0328EE18F200BB6448 /* UserViewController.swift in Sources */,
				0A98843528F2C714005D7333 /* Game.swift in Sources */,
				0A98843728F33550005D7333 /* GameInfoView.swift in Sources */,
				0A5A1F1928EEF96500BB6448 /* StartViewController.swift in Sources */,
				0A98842F28EF2A14005D7333 /* UserData.swift in Sources */,
				0A98843328F01EEC005D7333 /* UserInfoView.swift in Sources */,
				0A5A1F1E28EEF9C800BB6448 /* CoordinatorProtocol.swift in Sources */,
				0A5A1F1C28EEF98200BB6448 /* Coordinator.swift in Sources */,
				0A98843128EF33F2005D7333 /* Error.swift in Sources */,
				0A5A1EFF28EE18F200BB6448 /* AppDelegate.swift in Sources */,
			);
			runOnlyForDeploymentPostprocessing = 0;
		};
/* End PBXSourcesBuildPhase section */

/* Begin PBXVariantGroup section */
		0A5A1F0428EE18F200BB6448 /* Main.storyboard */ = {
			isa = PBXVariantGroup;
			children = (
				0A5A1F0528EE18F200BB6448 /* Base */,
			);
			name = Main.storyboard;
			sourceTree = "<group>";
		};
/* End PBXVariantGroup section */

/* Begin XCBuildConfiguration section */
		0A5A1F0D28EE18F700BB6448 /* Debug */ = {
			isa = XCBuildConfiguration;
			buildSettings = {
				ALWAYS_SEARCH_USER_PATHS = NO;
				CLANG_ANALYZER_NONNULL = YES;
				CLANG_ANALYZER_NUMBER_OBJECT_CONVERSION = YES_AGGRESSIVE;
				CLANG_CXX_LANGUAGE_STANDARD = "gnu++20";
				CLANG_ENABLE_MODULES = YES;
				CLANG_ENABLE_OBJC_ARC = YES;
				CLANG_ENABLE_OBJC_WEAK = YES;
				CLANG_WARN_BLOCK_CAPTURE_AUTORELEASING = YES;
				CLANG_WARN_BOOL_CONVERSION = YES;
				CLANG_WARN_COMMA = YES;
				CLANG_WARN_CONSTANT_CONVERSION = YES;
				CLANG_WARN_DEPRECATED_OBJC_IMPLEMENTATIONS = YES;
				CLANG_WARN_DIRECT_OBJC_ISA_USAGE = YES_ERROR;
				CLANG_WARN_DOCUMENTATION_COMMENTS = YES;
				CLANG_WARN_EMPTY_BODY = YES;
				CLANG_WARN_ENUM_CONVERSION = YES;
				CLANG_WARN_INFINITE_RECURSION = YES;
				CLANG_WARN_INT_CONVERSION = YES;
				CLANG_WARN_NON_LITERAL_NULL_CONVERSION = YES;
				CLANG_WARN_OBJC_IMPLICIT_RETAIN_SELF = YES;
				CLANG_WARN_OBJC_LITERAL_CONVERSION = YES;
				CLANG_WARN_OBJC_ROOT_CLASS = YES_ERROR;
				CLANG_WARN_QUOTED_INCLUDE_IN_FRAMEWORK_HEADER = YES;
				CLANG_WARN_RANGE_LOOP_ANALYSIS = YES;
				CLANG_WARN_STRICT_PROTOTYPES = YES;
				CLANG_WARN_SUSPICIOUS_MOVE = YES;
				CLANG_WARN_UNGUARDED_AVAILABILITY = YES_AGGRESSIVE;
				CLANG_WARN_UNREACHABLE_CODE = YES;
				CLANG_WARN__DUPLICATE_METHOD_MATCH = YES;
				COPY_PHASE_STRIP = NO;
				DEBUG_INFORMATION_FORMAT = dwarf;
				ENABLE_STRICT_OBJC_MSGSEND = YES;
				ENABLE_TESTABILITY = YES;
				GCC_C_LANGUAGE_STANDARD = gnu11;
				GCC_DYNAMIC_NO_PIC = NO;
				GCC_NO_COMMON_BLOCKS = YES;
				GCC_OPTIMIZATION_LEVEL = 0;
				GCC_PREPROCESSOR_DEFINITIONS = (
					"DEBUG=1",
					"$(inherited)",
				);
				GCC_WARN_64_TO_32_BIT_CONVERSION = YES;
				GCC_WARN_ABOUT_RETURN_TYPE = YES_ERROR;
				GCC_WARN_UNDECLARED_SELECTOR = YES;
				GCC_WARN_UNINITIALIZED_AUTOS = YES_AGGRESSIVE;
				GCC_WARN_UNUSED_FUNCTION = YES;
				GCC_WARN_UNUSED_VARIABLE = YES;
				IPHONEOS_DEPLOYMENT_TARGET = 16.0;
				MTL_ENABLE_DEBUG_INFO = INCLUDE_SOURCE;
				MTL_FAST_MATH = YES;
				ONLY_ACTIVE_ARCH = YES;
				SDKROOT = iphoneos;
				SWIFT_ACTIVE_COMPILATION_CONDITIONS = DEBUG;
				SWIFT_OPTIMIZATION_LEVEL = "-Onone";
			};
			name = Debug;
		};
		0A5A1F0E28EE18F700BB6448 /* Release */ = {
			isa = XCBuildConfiguration;
			buildSettings = {
				ALWAYS_SEARCH_USER_PATHS = NO;
				CLANG_ANALYZER_NONNULL = YES;
				CLANG_ANALYZER_NUMBER_OBJECT_CONVERSION = YES_AGGRESSIVE;
				CLANG_CXX_LANGUAGE_STANDARD = "gnu++20";
				CLANG_ENABLE_MODULES = YES;
				CLANG_ENABLE_OBJC_ARC = YES;
				CLANG_ENABLE_OBJC_WEAK = YES;
				CLANG_WARN_BLOCK_CAPTURE_AUTORELEASING = YES;
				CLANG_WARN_BOOL_CONVERSION = YES;
				CLANG_WARN_COMMA = YES;
				CLANG_WARN_CONSTANT_CONVERSION = YES;
				CLANG_WARN_DEPRECATED_OBJC_IMPLEMENTATIONS = YES;
				CLANG_WARN_DIRECT_OBJC_ISA_USAGE = YES_ERROR;
				CLANG_WARN_DOCUMENTATION_COMMENTS = YES;
				CLANG_WARN_EMPTY_BODY = YES;
				CLANG_WARN_ENUM_CONVERSION = YES;
				CLANG_WARN_INFINITE_RECURSION = YES;
				CLANG_WARN_INT_CONVERSION = YES;
				CLANG_WARN_NON_LITERAL_NULL_CONVERSION = YES;
				CLANG_WARN_OBJC_IMPLICIT_RETAIN_SELF = YES;
				CLANG_WARN_OBJC_LITERAL_CONVERSION = YES;
				CLANG_WARN_OBJC_ROOT_CLASS = YES_ERROR;
				CLANG_WARN_QUOTED_INCLUDE_IN_FRAMEWORK_HEADER = YES;
				CLANG_WARN_RANGE_LOOP_ANALYSIS = YES;
				CLANG_WARN_STRICT_PROTOTYPES = YES;
				CLANG_WARN_SUSPICIOUS_MOVE = YES;
				CLANG_WARN_UNGUARDED_AVAILABILITY = YES_AGGRESSIVE;
				CLANG_WARN_UNREACHABLE_CODE = YES;
				CLANG_WARN__DUPLICATE_METHOD_MATCH = YES;
				COPY_PHASE_STRIP = NO;
				DEBUG_INFORMATION_FORMAT = "dwarf-with-dsym";
				ENABLE_NS_ASSERTIONS = NO;
				ENABLE_STRICT_OBJC_MSGSEND = YES;
				GCC_C_LANGUAGE_STANDARD = gnu11;
				GCC_NO_COMMON_BLOCKS = YES;
				GCC_WARN_64_TO_32_BIT_CONVERSION = YES;
				GCC_WARN_ABOUT_RETURN_TYPE = YES_ERROR;
				GCC_WARN_UNDECLARED_SELECTOR = YES;
				GCC_WARN_UNINITIALIZED_AUTOS = YES_AGGRESSIVE;
				GCC_WARN_UNUSED_FUNCTION = YES;
				GCC_WARN_UNUSED_VARIABLE = YES;
				IPHONEOS_DEPLOYMENT_TARGET = 16.0;
				MTL_ENABLE_DEBUG_INFO = NO;
				MTL_FAST_MATH = YES;
				SDKROOT = iphoneos;
				SWIFT_COMPILATION_MODE = wholemodule;
				SWIFT_OPTIMIZATION_LEVEL = "-O";
				VALIDATE_PRODUCT = YES;
			};
			name = Release;
		};
		0A5A1F1028EE18F700BB6448 /* Debug */ = {
			isa = XCBuildConfiguration;
			buildSettings = {
				ASSETCATALOG_COMPILER_APPICON_NAME = AppIcon;
				ASSETCATALOG_COMPILER_GLOBAL_ACCENT_COLOR_NAME = AccentColor;
				CODE_SIGN_STYLE = Automatic;
				CURRENT_PROJECT_VERSION = 1;
				DEVELOPMENT_TEAM = 696B69YM9F;
				GENERATE_INFOPLIST_FILE = YES;
				INFOPLIST_FILE = FaceitApp/Info.plist;
				INFOPLIST_KEY_UIApplicationSupportsIndirectInputEvents = YES;
				INFOPLIST_KEY_UILaunchStoryboardName = LaunchScreen;
				INFOPLIST_KEY_UIMainStoryboardFile = Main;
				INFOPLIST_KEY_UISupportedInterfaceOrientations = UIInterfaceOrientationPortrait;
				INFOPLIST_KEY_UISupportedInterfaceOrientations_iPad = "UIInterfaceOrientationLandscapeLeft UIInterfaceOrientationLandscapeRight UIInterfaceOrientationPortrait UIInterfaceOrientationPortraitUpsideDown";
				LD_RUNPATH_SEARCH_PATHS = (
					"$(inherited)",
					"@executable_path/Frameworks",
				);
				MARKETING_VERSION = 1.0;
				PRODUCT_BUNDLE_IDENTIFIER = KhoroshkoNikita.FaceitApp;
				PRODUCT_NAME = "$(TARGET_NAME)";
				SUPPORTED_PLATFORMS = "iphoneos iphonesimulator";
				SUPPORTS_MACCATALYST = NO;
				SUPPORTS_MAC_DESIGNED_FOR_IPHONE_IPAD = NO;
				SWIFT_EMIT_LOC_STRINGS = YES;
				SWIFT_VERSION = 5.0;
				TARGETED_DEVICE_FAMILY = 1;
			};
			name = Debug;
		};
		0A5A1F1128EE18F700BB6448 /* Release */ = {
			isa = XCBuildConfiguration;
			buildSettings = {
				ASSETCATALOG_COMPILER_APPICON_NAME = AppIcon;
				ASSETCATALOG_COMPILER_GLOBAL_ACCENT_COLOR_NAME = AccentColor;
				CODE_SIGN_STYLE = Automatic;
				CURRENT_PROJECT_VERSION = 1;
				DEVELOPMENT_TEAM = 696B69YM9F;
				GENERATE_INFOPLIST_FILE = YES;
				INFOPLIST_FILE = FaceitApp/Info.plist;
				INFOPLIST_KEY_UIApplicationSupportsIndirectInputEvents = YES;
				INFOPLIST_KEY_UILaunchStoryboardName = LaunchScreen;
				INFOPLIST_KEY_UIMainStoryboardFile = Main;
				INFOPLIST_KEY_UISupportedInterfaceOrientations = UIInterfaceOrientationPortrait;
				INFOPLIST_KEY_UISupportedInterfaceOrientations_iPad = "UIInterfaceOrientationLandscapeLeft UIInterfaceOrientationLandscapeRight UIInterfaceOrientationPortrait UIInterfaceOrientationPortraitUpsideDown";
				LD_RUNPATH_SEARCH_PATHS = (
					"$(inherited)",
					"@executable_path/Frameworks",
				);
				MARKETING_VERSION = 1.0;
				PRODUCT_BUNDLE_IDENTIFIER = KhoroshkoNikita.FaceitApp;
				PRODUCT_NAME = "$(TARGET_NAME)";
				SUPPORTED_PLATFORMS = "iphoneos iphonesimulator";
				SUPPORTS_MACCATALYST = NO;
				SUPPORTS_MAC_DESIGNED_FOR_IPHONE_IPAD = NO;
				SWIFT_EMIT_LOC_STRINGS = YES;
				SWIFT_VERSION = 5.0;
				TARGETED_DEVICE_FAMILY = 1;
			};
			name = Release;
		};
/* End XCBuildConfiguration section */

/* Begin XCConfigurationList section */
		0A5A1EF628EE18F200BB6448 /* Build configuration list for PBXProject "FaceitApp" */ = {
			isa = XCConfigurationList;
			buildConfigurations = (
				0A5A1F0D28EE18F700BB6448 /* Debug */,
				0A5A1F0E28EE18F700BB6448 /* Release */,
			);
			defaultConfigurationIsVisible = 0;
			defaultConfigurationName = Release;
		};
		0A5A1F0F28EE18F700BB6448 /* Build configuration list for PBXNativeTarget "FaceitApp" */ = {
			isa = XCConfigurationList;
			buildConfigurations = (
				0A5A1F1028EE18F700BB6448 /* Debug */,
				0A5A1F1128EE18F700BB6448 /* Release */,
			);
			defaultConfigurationIsVisible = 0;
			defaultConfigurationName = Release;
		};
/* End XCConfigurationList section */
	};
	rootObject = 0A5A1EF328EE18F200BB6448 /* Project object */;
}
